
Microsoft Visual Studio Solution File, Format Version 12.00
# Visual Studio 15
VisualStudioVersion = 15.0.28307.168
MinimumVisualStudioVersion = 10.0.40219.1
Project("{FAE04EC0-301F-11D3-BF4B-00C04F79EFBC}") = "Duplicates", "Duplicates\Duplicates.csproj", "{8603803B-2293-4D3F-8A4D-BAD3B2DD3CB4}"
EndProject
Global
	GlobalSection(SolutionConfigurationPlatforms) = preSolution
		Debug|Any CPU = Debug|Any CPU
		Release|Any CPU = Release|Any CPU
	EndGlobalSection
	GlobalSection(ProjectConfigurationPlatforms) = postSolution
		{8603803B-2293-4D3F-8A4D-BAD3B2DD3CB4}.Debug|Any CPU.ActiveCfg = Debug|Any CPU
		{8603803B-2293-4D3F-8A4D-BAD3B2DD3CB4}.Debug|Any CPU.Build.0 = Debug|Any CPU
		{8603803B-2293-4D3F-8A4D-BAD3B2DD3CB4}.Release|Any CPU.ActiveCfg = Release|Any CPU
		{8603803B-2293-4D3F-8A4D-BAD3B2DD3CB4}.Release|Any CPU.Build.0 = Release|Any CPU
	EndGlobalSection
	GlobalSection(SolutionProperties) = preSolution
		HideSolutionNode = FALSE
	EndGlobalSection
	GlobalSection(ExtensibilityGlobals) = postSolution
		SolutionGuid = {CEFD7E10-E1A5-4BEC-BF6A-6D4CC636A1B4}
	EndGlobalSection
EndGlobal
